# This file is automatically @generated by Cargo.
# It is not intended for manual editing.
version = 4

[[package]]
name = "memfs"
version = "0.1.0"
dependencies = [
 "vfs-core",
]

[[package]]
name = "rust-vfs"
version = "0.1.0"
dependencies = [
 "memfs",
 "vfs-core",
]

[[package]]
name = "vfs-core"
version = "0.1.0"
